
Microsoft Visual Studio Solution File, Format Version 12.00
# Visual Studio Version 17
VisualStudioVersion = 17.0.32014.148
MinimumVisualStudioVersion = 10.0.40219.1
Project("{FAE04EC0-301F-11D3-BF4B-00C04F79EFBC}") = "BinarySearchTree", "BinarySearchTree.csproj", "{B59E8837-CEC3-4390-A1F9-5FD08A1DD7F9}"
EndProject
Global
	GlobalSection(SolutionConfigurationPlatforms) = preSolution
		Debug|Any CPU = Debug|Any CPU
		Release|Any CPU = Release|Any CPU
	EndGlobalSection
	GlobalSection(ProjectConfigurationPlatforms) = postSolution
		{B59E8837-CEC3-4390-A1F9-5FD08A1DD7F9}.Debug|Any CPU.ActiveCfg = Debug|Any CPU
		{B59E8837-CEC3-4390-A1F9-5FD08A1DD7F9}.Debug|Any CPU.Build.0 = Debug|Any CPU
		{B59E8837-CEC3-4390-A1F9-5FD08A1DD7F9}.Release|Any CPU.ActiveCfg = Release|Any CPU
		{B59E8837-CEC3-4390-A1F9-5FD08A1DD7F9}.Release|Any CPU.Build.0 = Release|Any CPU
	EndGlobalSection
	GlobalSection(SolutionProperties) = preSolution
		HideSolutionNode = FALSE
	EndGlobalSection
	GlobalSection(ExtensibilityGlobals) = postSolution
		SolutionGuid = {74FE760F-9896-4FE7-BB9B-0CF27B79EE00}
	EndGlobalSection
EndGlobal
